
Microsoft Visual Studio Solution File, Format Version 12.00
# Visual Studio 14
VisualStudioVersion = 14.0.23107.0
MinimumVisualStudioVersion = 10.0.40219.1
Project("{FAE04EC0-301F-11D3-BF4B-00C04F79EFBC}") = "SaleforceValidator", "SaleforceValidator\SaleforceValidator.csproj", "{07000585-8CBD-4B6E-A43F-E7A996F00026}"
EndProject
Global
	GlobalSection(SolutionConfigurationPlatforms) = preSolution
		Debug|Any CPU = Debug|Any CPU
		Release|Any CPU = Release|Any CPU
	EndGlobalSection
	GlobalSection(ProjectConfigurationPlatforms) = postSolution
		{07000585-8CBD-4B6E-A43F-E7A996F00026}.Debug|Any CPU.ActiveCfg = Debug|Any CPU
		{07000585-8CBD-4B6E-A43F-E7A996F00026}.Debug|Any CPU.Build.0 = Debug|Any CPU
		{07000585-8CBD-4B6E-A43F-E7A996F00026}.Release|Any CPU.ActiveCfg = Release|Any CPU
		{07000585-8CBD-4B6E-A43F-E7A996F00026}.Release|Any CPU.Build.0 = Release|Any CPU
	EndGlobalSection
	GlobalSection(SolutionProperties) = preSolution
		HideSolutionNode = FALSE
	EndGlobalSection
EndGlobal
