
Microsoft Visual Studio Solution File, Format Version 12.00
# Visual Studio 14
VisualStudioVersion = 14.0.25420.1
MinimumVisualStudioVersion = 10.0.40219.1
Project("{FAE04EC0-301F-11D3-BF4B-00C04F79EFBC}") = "Trie", "Trie\Trie.csproj", "{3BE44D21-E2F4-4699-AE87-45259C8ACDC8}"
EndProject
Project("{FAE04EC0-301F-11D3-BF4B-00C04F79EFBC}") = "TrieBenchmark", "TrieBenchmark\TrieBenchmark.csproj", "{2257CF25-F1ED-4D84-B5DA-DABA9CC5C2D1}"
EndProject
Global
	GlobalSection(SolutionConfigurationPlatforms) = preSolution
		Debug|Any CPU = Debug|Any CPU
		Release|Any CPU = Release|Any CPU
	EndGlobalSection
	GlobalSection(ProjectConfigurationPlatforms) = postSolution
		{3BE44D21-E2F4-4699-AE87-45259C8ACDC8}.Debug|Any CPU.ActiveCfg = Debug|Any CPU
		{3BE44D21-E2F4-4699-AE87-45259C8ACDC8}.Debug|Any CPU.Build.0 = Debug|Any CPU
		{3BE44D21-E2F4-4699-AE87-45259C8ACDC8}.Release|Any CPU.ActiveCfg = Release|Any CPU
		{3BE44D21-E2F4-4699-AE87-45259C8ACDC8}.Release|Any CPU.Build.0 = Release|Any CPU
		{2257CF25-F1ED-4D84-B5DA-DABA9CC5C2D1}.Debug|Any CPU.ActiveCfg = Debug|Any CPU
		{2257CF25-F1ED-4D84-B5DA-DABA9CC5C2D1}.Debug|Any CPU.Build.0 = Debug|Any CPU
		{2257CF25-F1ED-4D84-B5DA-DABA9CC5C2D1}.Release|Any CPU.ActiveCfg = Release|Any CPU
		{2257CF25-F1ED-4D84-B5DA-DABA9CC5C2D1}.Release|Any CPU.Build.0 = Release|Any CPU
	EndGlobalSection
	GlobalSection(SolutionProperties) = preSolution
		HideSolutionNode = FALSE
	EndGlobalSection
EndGlobal
