
Microsoft Visual Studio Solution File, Format Version 12.00
# Visual Studio 14
VisualStudioVersion = 14.0.25420.1
MinimumVisualStudioVersion = 10.0.40219.1
Project("{FAE04EC0-301F-11D3-BF4B-00C04F79EFBC}") = "SwapCase", "SwapCase\SwapCase.csproj", "{BD14BD9C-344E-41B0-B173-FEF1DBA02B29}"
EndProject
Project("{FAE04EC0-301F-11D3-BF4B-00C04F79EFBC}") = "SwapCaseTests", "SwapCaseTests\SwapCaseTests.csproj", "{D1133849-B7E9-4A06-91B3-2E0FF5783B7E}"
EndProject
Global
	GlobalSection(SolutionConfigurationPlatforms) = preSolution
		Debug|Any CPU = Debug|Any CPU
		Release|Any CPU = Release|Any CPU
	EndGlobalSection
	GlobalSection(ProjectConfigurationPlatforms) = postSolution
		{BD14BD9C-344E-41B0-B173-FEF1DBA02B29}.Debug|Any CPU.ActiveCfg = Debug|Any CPU
		{BD14BD9C-344E-41B0-B173-FEF1DBA02B29}.Debug|Any CPU.Build.0 = Debug|Any CPU
		{BD14BD9C-344E-41B0-B173-FEF1DBA02B29}.Release|Any CPU.ActiveCfg = Release|Any CPU
		{BD14BD9C-344E-41B0-B173-FEF1DBA02B29}.Release|Any CPU.Build.0 = Release|Any CPU
		{D1133849-B7E9-4A06-91B3-2E0FF5783B7E}.Debug|Any CPU.ActiveCfg = Debug|Any CPU
		{D1133849-B7E9-4A06-91B3-2E0FF5783B7E}.Debug|Any CPU.Build.0 = Debug|Any CPU
		{D1133849-B7E9-4A06-91B3-2E0FF5783B7E}.Release|Any CPU.ActiveCfg = Release|Any CPU
		{D1133849-B7E9-4A06-91B3-2E0FF5783B7E}.Release|Any CPU.Build.0 = Release|Any CPU
	EndGlobalSection
	GlobalSection(SolutionProperties) = preSolution
		HideSolutionNode = FALSE
	EndGlobalSection
EndGlobal
