
Microsoft Visual Studio Solution File, Format Version 12.00
# Visual Studio 14
VisualStudioVersion = 14.0.25123.0
MinimumVisualStudioVersion = 10.0.40219.1
Project("{FAE04EC0-301F-11D3-BF4B-00C04F79EFBC}") = "PlayMatrix", "PlayMatrix\PlayMatrix.csproj", "{8EE44297-8F3E-4D27-87F9-43FEA99B0464}"
EndProject
Project("{FAE04EC0-301F-11D3-BF4B-00C04F79EFBC}") = "PlayMatrixTests", "PlayMatrixTests\PlayMatrixTests.csproj", "{B68A4F83-5CD7-49A1-8EE2-611DDB425926}"
EndProject
Global
	GlobalSection(SolutionConfigurationPlatforms) = preSolution
		Debug|Any CPU = Debug|Any CPU
		Release|Any CPU = Release|Any CPU
	EndGlobalSection
	GlobalSection(ProjectConfigurationPlatforms) = postSolution
		{8EE44297-8F3E-4D27-87F9-43FEA99B0464}.Debug|Any CPU.ActiveCfg = Debug|Any CPU
		{8EE44297-8F3E-4D27-87F9-43FEA99B0464}.Debug|Any CPU.Build.0 = Debug|Any CPU
		{8EE44297-8F3E-4D27-87F9-43FEA99B0464}.Release|Any CPU.ActiveCfg = Release|Any CPU
		{8EE44297-8F3E-4D27-87F9-43FEA99B0464}.Release|Any CPU.Build.0 = Release|Any CPU
		{B68A4F83-5CD7-49A1-8EE2-611DDB425926}.Debug|Any CPU.ActiveCfg = Debug|Any CPU
		{B68A4F83-5CD7-49A1-8EE2-611DDB425926}.Debug|Any CPU.Build.0 = Debug|Any CPU
		{B68A4F83-5CD7-49A1-8EE2-611DDB425926}.Release|Any CPU.ActiveCfg = Release|Any CPU
		{B68A4F83-5CD7-49A1-8EE2-611DDB425926}.Release|Any CPU.Build.0 = Release|Any CPU
	EndGlobalSection
	GlobalSection(SolutionProperties) = preSolution
		HideSolutionNode = FALSE
	EndGlobalSection
EndGlobal
