
Microsoft Visual Studio Solution File, Format Version 12.00
# Visual Studio 2013
VisualStudioVersion = 12.0.30501.0
MinimumVisualStudioVersion = 10.0.40219.1
Project("{FAE04EC0-301F-11D3-BF4B-00C04F79EFBC}") = "BikeDistributor", "BikeDistributor\BikeDistributor.csproj", "{4FBA25B5-279C-4FD3-A904-FF88BEF4A480}"
EndProject
Project("{FAE04EC0-301F-11D3-BF4B-00C04F79EFBC}") = "BikeDistributor.Test", "BikeDistributor.Test\BikeDistributor.Test.csproj", "{543D14A7-DC7A-4E49-9761-CA6B311DB0CC}"
EndProject
Global
	GlobalSection(SolutionConfigurationPlatforms) = preSolution
		Debug|Any CPU = Debug|Any CPU
		Release|Any CPU = Release|Any CPU
	EndGlobalSection
	GlobalSection(ProjectConfigurationPlatforms) = postSolution
		{4FBA25B5-279C-4FD3-A904-FF88BEF4A480}.Debug|Any CPU.ActiveCfg = Debug|Any CPU
		{4FBA25B5-279C-4FD3-A904-FF88BEF4A480}.Debug|Any CPU.Build.0 = Debug|Any CPU
		{4FBA25B5-279C-4FD3-A904-FF88BEF4A480}.Release|Any CPU.ActiveCfg = Release|Any CPU
		{4FBA25B5-279C-4FD3-A904-FF88BEF4A480}.Release|Any CPU.Build.0 = Release|Any CPU
		{543D14A7-DC7A-4E49-9761-CA6B311DB0CC}.Debug|Any CPU.ActiveCfg = Debug|Any CPU
		{543D14A7-DC7A-4E49-9761-CA6B311DB0CC}.Debug|Any CPU.Build.0 = Debug|Any CPU
		{543D14A7-DC7A-4E49-9761-CA6B311DB0CC}.Release|Any CPU.ActiveCfg = Release|Any CPU
		{543D14A7-DC7A-4E49-9761-CA6B311DB0CC}.Release|Any CPU.Build.0 = Release|Any CPU
	EndGlobalSection
	GlobalSection(SolutionProperties) = preSolution
		HideSolutionNode = FALSE
	EndGlobalSection
EndGlobal
