
Microsoft Visual Studio Solution File, Format Version 12.00
# Visual Studio 15
VisualStudioVersion = 15.0.26730.16
MinimumVisualStudioVersion = 10.0.40219.1
Project("{FAE04EC0-301F-11D3-BF4B-00C04F79EFBC}") = "UnQliteApp", "UnQliteApp\UnQliteApp.csproj", "{94B860A8-5098-4562-99F0-FF0BA0166955}"
EndProject
Global
	GlobalSection(SolutionConfigurationPlatforms) = preSolution
		Debug|Any CPU = Debug|Any CPU
		Release|Any CPU = Release|Any CPU
	EndGlobalSection
	GlobalSection(ProjectConfigurationPlatforms) = postSolution
		{94B860A8-5098-4562-99F0-FF0BA0166955}.Debug|Any CPU.ActiveCfg = Debug|Any CPU
		{94B860A8-5098-4562-99F0-FF0BA0166955}.Debug|Any CPU.Build.0 = Debug|Any CPU
		{94B860A8-5098-4562-99F0-FF0BA0166955}.Release|Any CPU.ActiveCfg = Release|Any CPU
		{94B860A8-5098-4562-99F0-FF0BA0166955}.Release|Any CPU.Build.0 = Release|Any CPU
	EndGlobalSection
	GlobalSection(SolutionProperties) = preSolution
		HideSolutionNode = FALSE
	EndGlobalSection
	GlobalSection(ExtensibilityGlobals) = postSolution
		SolutionGuid = {3A1F8CD4-94C9-4FD8-80D7-248AD8D070C8}
	EndGlobalSection
EndGlobal
