
Microsoft Visual Studio Solution File, Format Version 12.00
# Visual Studio 14
VisualStudioVersion = 14.0.25420.1
MinimumVisualStudioVersion = 10.0.40219.1
Project("{FAE04EC0-301F-11D3-BF4B-00C04F79EFBC}") = "Decoder", "Decoder\Decoder.csproj", "{320C91AB-EABE-40F9-97C2-1981E47DED76}"
EndProject
Project("{FAE04EC0-301F-11D3-BF4B-00C04F79EFBC}") = "DecoderTests", "DecoderTests\DecoderTests.csproj", "{E1788E31-6B13-4135-AD9D-8DCA9B4C7DC4}"
EndProject
Global
	GlobalSection(SolutionConfigurationPlatforms) = preSolution
		Debug|Any CPU = Debug|Any CPU
		Release|Any CPU = Release|Any CPU
	EndGlobalSection
	GlobalSection(ProjectConfigurationPlatforms) = postSolution
		{320C91AB-EABE-40F9-97C2-1981E47DED76}.Debug|Any CPU.ActiveCfg = Debug|Any CPU
		{320C91AB-EABE-40F9-97C2-1981E47DED76}.Debug|Any CPU.Build.0 = Debug|Any CPU
		{320C91AB-EABE-40F9-97C2-1981E47DED76}.Release|Any CPU.ActiveCfg = Release|Any CPU
		{320C91AB-EABE-40F9-97C2-1981E47DED76}.Release|Any CPU.Build.0 = Release|Any CPU
		{E1788E31-6B13-4135-AD9D-8DCA9B4C7DC4}.Debug|Any CPU.ActiveCfg = Debug|Any CPU
		{E1788E31-6B13-4135-AD9D-8DCA9B4C7DC4}.Debug|Any CPU.Build.0 = Debug|Any CPU
		{E1788E31-6B13-4135-AD9D-8DCA9B4C7DC4}.Release|Any CPU.ActiveCfg = Release|Any CPU
		{E1788E31-6B13-4135-AD9D-8DCA9B4C7DC4}.Release|Any CPU.Build.0 = Release|Any CPU
	EndGlobalSection
	GlobalSection(SolutionProperties) = preSolution
		HideSolutionNode = FALSE
	EndGlobalSection
EndGlobal
