
Microsoft Visual Studio Solution File, Format Version 12.00
# Visual Studio 15
VisualStudioVersion = 15.0.27130.2024
MinimumVisualStudioVersion = 10.0.40219.1
Project("{FAE04EC0-301F-11D3-BF4B-00C04F79EFBC}") = "LimitCursor", "LimitCursor\LimitCursor.csproj", "{C679250E-EED5-495D-B3C9-F0C99220FA1E}"
EndProject
Global
	GlobalSection(SolutionConfigurationPlatforms) = preSolution
		Debug|Any CPU = Debug|Any CPU
		Release|Any CPU = Release|Any CPU
	EndGlobalSection
	GlobalSection(ProjectConfigurationPlatforms) = postSolution
		{C679250E-EED5-495D-B3C9-F0C99220FA1E}.Debug|Any CPU.ActiveCfg = Debug|Any CPU
		{C679250E-EED5-495D-B3C9-F0C99220FA1E}.Debug|Any CPU.Build.0 = Debug|Any CPU
		{C679250E-EED5-495D-B3C9-F0C99220FA1E}.Release|Any CPU.ActiveCfg = Release|Any CPU
		{C679250E-EED5-495D-B3C9-F0C99220FA1E}.Release|Any CPU.Build.0 = Release|Any CPU
	EndGlobalSection
	GlobalSection(SolutionProperties) = preSolution
		HideSolutionNode = FALSE
	EndGlobalSection
	GlobalSection(ExtensibilityGlobals) = postSolution
		SolutionGuid = {FA4225C8-E56F-4B0A-9981-4AD3E1D08D34}
	EndGlobalSection
EndGlobal
