
Microsoft Visual Studio Solution File, Format Version 12.00
# Visual Studio 15
VisualStudioVersion = 15.0.28307.539
MinimumVisualStudioVersion = 10.0.40219.1
Project("{FAE04EC0-301F-11D3-BF4B-00C04F79EFBC}") = "ProgressBat", "ProgressBat\ProgressBat.csproj", "{3B024727-291D-4BFD-B9A5-A79D582DAE3C}"
EndProject
Global
	GlobalSection(SolutionConfigurationPlatforms) = preSolution
		Debug|Any CPU = Debug|Any CPU
		Release|Any CPU = Release|Any CPU
	EndGlobalSection
	GlobalSection(ProjectConfigurationPlatforms) = postSolution
		{3B024727-291D-4BFD-B9A5-A79D582DAE3C}.Debug|Any CPU.ActiveCfg = Debug|Any CPU
		{3B024727-291D-4BFD-B9A5-A79D582DAE3C}.Debug|Any CPU.Build.0 = Debug|Any CPU
		{3B024727-291D-4BFD-B9A5-A79D582DAE3C}.Release|Any CPU.ActiveCfg = Release|Any CPU
		{3B024727-291D-4BFD-B9A5-A79D582DAE3C}.Release|Any CPU.Build.0 = Release|Any CPU
	EndGlobalSection
	GlobalSection(SolutionProperties) = preSolution
		HideSolutionNode = FALSE
	EndGlobalSection
	GlobalSection(ExtensibilityGlobals) = postSolution
		SolutionGuid = {CFFDC103-05C9-4814-831D-DB6F4ADAB216}
	EndGlobalSection
EndGlobal
